// !$*UTF8*$!
{
	archiveVersion = 1;
	classes = {
	};
	objectVersion = 50;
	objects = {

/* Begin PBXBuildFile section */
		474CA76F23C8DF35006DF494 /* AppDelegate.swift in Sources */ = {isa = PBXBuildFile; fileRef = 474CA76E23C8DF35006DF494 /* AppDelegate.swift */; };
		474CA77123C8DF35006DF494 /* SceneDelegate.swift in Sources */ = {isa = PBXBuildFile; fileRef = 474CA77023C8DF35006DF494 /* SceneDelegate.swift */; };
		474CA77323C8DF35006DF494 /* ViewController.swift in Sources */ = {isa = PBXBuildFile; fileRef = 474CA77223C8DF35006DF494 /* ViewController.swift */; };
		474CA77623C8DF35006DF494 /* Main.storyboard in Resources */ = {isa = PBXBuildFile; fileRef = 474CA77423C8DF35006DF494 /* Main.storyboard */; };
		474CA77823C8DF36006DF494 /* Assets.xcassets in Resources */ = {isa = PBXBuildFile; fileRef = 474CA77723C8DF36006DF494 /* Assets.xcassets */; };
		474CA77B23C8DF36006DF494 /* LaunchScreen.storyboard in Resources */ = {isa = PBXBuildFile; fileRef = 474CA77923C8DF36006DF494 /* LaunchScreen.storyboard */; };
		474CA78623C8DF37006DF494 /* CalculadoraTests.swift in Sources */ = {isa = PBXBuildFile; fileRef = 474CA78523C8DF37006DF494 /* CalculadoraTests.swift */; };
		474CA79123C8DF37006DF494 /* CalculadoraUITests.swift in Sources */ = {isa = PBXBuildFile; fileRef = 474CA79023C8DF37006DF494 /* CalculadoraUITests.swift */; };
/* End PBXBuildFile section */

/* Begin PBXContainerItemProxy section */
		474CA78223C8DF37006DF494 /* PBXContainerItemProxy */ = {
			isa = PBXContainerItemProxy;
			containerPortal = 474CA76323C8DF34006DF494 /* Project object */;
			proxyType = 1;
			remoteGlobalIDString = 474CA76A23C8DF34006DF494;
			remoteInfo = Calculadora;
		};
		474CA78D23C8DF37006DF494 /* PBXContainerItemProxy */ = {
			isa = PBXContainerItemProxy;
			containerPortal = 474CA76323C8DF34006DF494 /* Project object */;
			proxyType = 1;
			remoteGlobalIDString = 474CA76A23C8DF34006DF494;
			remoteInfo = Calculadora;
		};
/* End PBXContainerItemProxy section */

/* Begin PBXFileReference section */
		474CA76B23C8DF35006DF494 /* Calculadora.app */ = {isa = PBXFileReference; explicitFileType = wrapper.application; includeInIndex = 0; path = Calculadora.app; sourceTree = BUILT_PRODUCTS_DIR; };
		474CA76E23C8DF35006DF494 /* AppDelegate.swift */ = {isa = PBXFileReference; lastKnownFileType = sourcecode.swift; path = AppDelegate.swift; sourceTree = "<group>"; };
		474CA77023C8DF35006DF494 /* SceneDelegate.swift */ = {isa = PBXFileReference; lastKnownFileType = sourcecode.swift; path = SceneDelegate.swift; sourceTree = "<group>"; };
		474CA77223C8DF35006DF494 /* ViewController.swift */ = {isa = PBXFileReference; lastKnownFileType = sourcecode.swift; path = ViewController.swift; sourceTree = "<group>"; };
		474CA77523C8DF35006DF494 /* Base */ = {isa = PBXFileReference; lastKnownFileType = file.storyboard; name = Base; path = Base.lproj/Main.storyboard; sourceTree = "<group>"; };
		474CA77723C8DF36006DF494 /* Assets.xcassets */ = {isa = PBXFileReference; lastKnownFileType = folder.assetcatalog; path = Assets.xcassets; sourceTree = "<group>"; };
		474CA77A23C8DF36006DF494 /* Base */ = {isa = PBXFileReference; lastKnownFileType = file.storyboard; name = Base; path = Base.lproj/LaunchScreen.storyboard; sourceTree = "<group>"; };
		474CA77C23C8DF36006DF494 /* Info.plist */ = {isa = PBXFileReference; lastKnownFileType = text.plist.xml; path = Info.plist; sourceTree = "<group>"; };
		474CA78123C8DF37006DF494 /* CalculadoraTests.xctest */ = {isa = PBXFileReference; explicitFileType = wrapper.cfbundle; includeInIndex = 0; path = CalculadoraTests.xctest; sourceTree = BUILT_PRODUCTS_DIR; };
		474CA78523C8DF37006DF494 /* CalculadoraTests.swift */ = {isa = PBXFileReference; lastKnownFileType = sourcecode.swift; path = CalculadoraTests.swift; sourceTree = "<group>"; };
		474CA78723C8DF37006DF494 /* Info.plist */ = {isa = PBXFileReference; lastKnownFileType = text.plist.xml; path = Info.plist; sourceTree = "<group>"; };
		474CA78C23C8DF37006DF494 /* CalculadoraUITests.xctest */ = {isa = PBXFileReference; explicitFileType = wrapper.cfbundle; includeInIndex = 0; path = CalculadoraUITests.xctest; sourceTree = BUILT_PRODUCTS_DIR; };
		474CA79023C8DF37006DF494 /* CalculadoraUITests.swift */ = {isa = PBXFileReference; lastKnownFileType = sourcecode.swift; path = CalculadoraUITests.swift; sourceTree = "<group>"; };
		474CA79223C8DF37006DF494 /* Info.plist */ = {isa = PBXFileReference; lastKnownFileType = text.plist.xml; path = Info.plist; sourceTree = "<group>"; };
/* End PBXFileReference section */

/* Begin PBXFrameworksBuildPhase section */
		474CA76823C8DF34006DF494 /* Frameworks */ = {
			isa = PBXFrameworksBuildPhase;
			buildActionMask = 2147483647;
			files = (
			);
			runOnlyForDeploymentPostprocessing = 0;
		};
		474CA77E23C8DF37006DF494 /* Frameworks */ = {
			isa = PBXFrameworksBuildPhase;
			buildActionMask = 2147483647;
			files = (
			);
			runOnlyForDeploymentPostprocessing = 0;
		};
		474CA78923C8DF37006DF494 /* Frameworks */ = {
			isa = PBXFrameworksBuildPhase;
			buildActionMask = 2147483647;
			files = (
			);
			runOnlyForDeploymentPostprocessing = 0;
		};
/* End PBXFrameworksBuildPhase section */

/* Begin PBXGroup section */
		474CA76223C8DF34006DF494 = {
			isa = PBXGroup;
			children = (
				474CA76D23C8DF35006DF494 /* Calculadora */,
				474CA78423C8DF37006DF494 /* CalculadoraTests */,
				474CA78F23C8DF37006DF494 /* CalculadoraUITests */,
				474CA76C23C8DF35006DF494 /* Products */,
			);
			sourceTree = "<group>";
		};
		474CA76C23C8DF35006DF494 /* Products */ = {
			isa = PBXGroup;
			children = (
				474CA76B23C8DF35006DF494 /* Calculadora.app */,
				474CA78123C8DF37006DF494 /* CalculadoraTests.xctest */,
				474CA78C23C8DF37006DF494 /* CalculadoraUITests.xctest */,
			);
			name = Products;
			sourceTree = "<group>";
		};
		474CA76D23C8DF35006DF494 /* Calculadora */ = {
			isa = PBXGroup;
			children = (
				474CA76E23C8DF35006DF494 /* AppDelegate.swift */,
				474CA77023C8DF35006DF494 /* SceneDelegate.swift */,
				474CA77223C8DF35006DF494 /* ViewController.swift */,
				474CA77423C8DF35006DF494 /* Main.storyboard */,
				474CA77723C8DF36006DF494 /* Assets.xcassets */,
				474CA77923C8DF36006DF494 /* LaunchScreen.storyboard */,
				474CA77C23C8DF36006DF494 /* Info.plist */,
			);
			path = Calculadora;
			sourceTree = "<group>";
		};
		474CA78423C8DF37006DF494 /* CalculadoraTests */ = {
			isa = PBXGroup;
			children = (
				474CA78523C8DF37006DF494 /* CalculadoraTests.swift */,
				474CA78723C8DF37006DF494 /* Info.plist */,
			);
			path = CalculadoraTests;
			sourceTree = "<group>";
		};
		474CA78F23C8DF37006DF494 /* CalculadoraUITests */ = {
			isa = PBXGroup;
			children = (
				474CA79023C8DF37006DF494 /* CalculadoraUITests.swift */,
				474CA79223C8DF37006DF494 /* Info.plist */,
			);
			path = CalculadoraUITests;
			sourceTree = "<group>";
		};
/* End PBXGroup section */

/* Begin PBXNativeTarget section */
		474CA76A23C8DF34006DF494 /* Calculadora */ = {
			isa = PBXNativeTarget;
			buildConfigurationList = 474CA79523C8DF37006DF494 /* Build configuration list for PBXNativeTarget "Calculadora" */;
			buildPhases = (
				474CA76723C8DF34006DF494 /* Sources */,
				474CA76823C8DF34006DF494 /* Frameworks */,
				474CA76923C8DF34006DF494 /* Resources */,
			);
			buildRules = (
			);
			dependencies = (
			);
			name = Calculadora;
			productName = Calculadora;
			productReference = 474CA76B23C8DF35006DF494 /* Calculadora.app */;
			productType = "com.apple.product-type.application";
		};
		474CA78023C8DF37006DF494 /* CalculadoraTests */ = {
			isa = PBXNativeTarget;
			buildConfigurationList = 474CA79823C8DF37006DF494 /* Build configuration list for PBXNativeTarget "CalculadoraTests" */;
			buildPhases = (
				474CA77D23C8DF37006DF494 /* Sources */,
				474CA77E23C8DF37006DF494 /* Frameworks */,
				474CA77F23C8DF37006DF494 /* Resources */,
			);
			buildRules = (
			);
			dependencies = (
				474CA78323C8DF37006DF494 /* PBXTargetDependency */,
			);
			name = CalculadoraTests;
			productName = CalculadoraTests;
			productReference = 474CA78123C8DF37006DF494 /* CalculadoraTests.xctest */;
			productType = "com.apple.product-type.bundle.unit-test";
		};
		474CA78B23C8DF37006DF494 /* CalculadoraUITests */ = {
			isa = PBXNativeTarget;
			buildConfigurationList = 474CA79B23C8DF37006DF494 /* Build configuration list for PBXNativeTarget "CalculadoraUITests" */;
			buildPhases = (
				474CA78823C8DF37006DF494 /* Sources */,
				474CA78923C8DF37006DF494 /* Frameworks */,
				474CA78A23C8DF37006DF494 /* Resources */,
			);
			buildRules = (
			);
			dependencies = (
				474CA78E23C8DF37006DF494 /* PBXTargetDependency */,
			);
			name = CalculadoraUITests;
			productName = CalculadoraUITests;
			productReference = 474CA78C23C8DF37006DF494 /* CalculadoraUITests.xctest */;
			productType = "com.apple.product-type.bundle.ui-testing";
		};
/* End PBXNativeTarget section */

/* Begin PBXProject section */
		474CA76323C8DF34006DF494 /* Project object */ = {
			isa = PBXProject;
			attributes = {
				LastSwiftUpdateCheck = 1130;
				LastUpgradeCheck = 1130;
				ORGANIZATIONNAME = damjosemijesus;
				TargetAttributes = {
					474CA76A23C8DF34006DF494 = {
						CreatedOnToolsVersion = 11.3;
					};
					474CA78023C8DF37006DF494 = {
						CreatedOnToolsVersion = 11.3;
						TestTargetID = 474CA76A23C8DF34006DF494;
					};
					474CA78B23C8DF37006DF494 = {
						CreatedOnToolsVersion = 11.3;
						TestTargetID = 474CA76A23C8DF34006DF494;
					};
				};
			};
			buildConfigurationList = 474CA76623C8DF34006DF494 /* Build configuration list for PBXProject "Calculadora" */;
			compatibilityVersion = "Xcode 9.3";
			developmentRegion = en;
			hasScannedForEncodings = 0;
			knownRegions = (
				en,
				Base,
			);
			mainGroup = 474CA76223C8DF34006DF494;
			productRefGroup = 474CA76C23C8DF35006DF494 /* Products */;
			projectDirPath = "";
			projectRoot = "";
			targets = (
				474CA76A23C8DF34006DF494 /* Calculadora */,
				474CA78023C8DF37006DF494 /* CalculadoraTests */,
				474CA78B23C8DF37006DF494 /* CalculadoraUITests */,
			);
		};
/* End PBXProject section */

/* Begin PBXResourcesBuildPhase section */
		474CA76923C8DF34006DF494 /* Resources */ = {
			isa = PBXResourcesBuildPhase;
			buildActionMask = 2147483647;
			files = (
				474CA77B23C8DF36006DF494 /* LaunchScreen.storyboard in Resources */,
				474CA77823C8DF36006DF494 /* Assets.xcassets in Resources */,
				474CA77623C8DF35006DF494 /* Main.storyboard in Resources */,
			);
			runOnlyForDeploymentPostprocessing = 0;
		};
		474CA77F23C8DF37006DF494 /* Resources */ = {
			isa = PBXResourcesBuildPhase;
			buildActionMask = 2147483647;
			files = (
			);
			runOnlyForDeploymentPostprocessing = 0;
		};
		474CA78A23C8DF37006DF494 /* Resources */ = {
			isa = PBXResourcesBuildPhase;
			buildActionMask = 2147483647;
			files = (
			);
			runOnlyForDeploymentPostprocessing = 0;
		};
/* End PBXResourcesBuildPhase section */

/* Begin PBXSourcesBuildPhase section */
		474CA76723C8DF34006DF494 /* Sources */ = {
			isa = PBXSourcesBuildPhase;
			buildActionMask = 2147483647;
			files = (
				474CA77323C8DF35006DF494 /* ViewController.swift in Sources */,
				474CA76F23C8DF35006DF494 /* AppDelegate.swift in Sources */,
				474CA77123C8DF35006DF494 /* SceneDelegate.swift in Sources */,
			);
			runOnlyForDeploymentPostprocessing = 0;
		};
		474CA77D23C8DF37006DF494 /* Sources */ = {
			isa = PBXSourcesBuildPhase;
			buildActionMask = 2147483647;
			files = (
				474CA78623C8DF37006DF494 /* CalculadoraTests.swift in Sources */,
			);
			runOnlyForDeploymentPostprocessing = 0;
		};
		474CA78823C8DF37006DF494 /* Sources */ = {
			isa = PBXSourcesBuildPhase;
			buildActionMask = 2147483647;
			files = (
				474CA79123C8DF37006DF494 /* CalculadoraUITests.swift in Sources */,
			);
			runOnlyForDeploymentPostprocessing = 0;
		};
/* End PBXSourcesBuildPhase section */

/* Begin PBXTargetDependency section */
		474CA78323C8DF37006DF494 /* PBXTargetDependency */ = {
			isa = PBXTargetDependency;
			target = 474CA76A23C8DF34006DF494 /* Calculadora */;
			targetProxy = 474CA78223C8DF37006DF494 /* PBXContainerItemProxy */;
		};
		474CA78E23C8DF37006DF494 /* PBXTargetDependency */ = {
			isa = PBXTargetDependency;
			target = 474CA76A23C8DF34006DF494 /* Calculadora */;
			targetProxy = 474CA78D23C8DF37006DF494 /* PBXContainerItemProxy */;
		};
/* End PBXTargetDependency section */

/* Begin PBXVariantGroup section */
		474CA77423C8DF35006DF494 /* Main.storyboard */ = {
			isa = PBXVariantGroup;
			children = (
				474CA77523C8DF35006DF494 /* Base */,
			);
			name = Main.storyboard;
			sourceTree = "<group>";
		};
		474CA77923C8DF36006DF494 /* LaunchScreen.storyboard */ = {
			isa = PBXVariantGroup;
			children = (
				474CA77A23C8DF36006DF494 /* Base */,
			);
			name = LaunchScreen.storyboard;
			sourceTree = "<group>";
		};
/* End PBXVariantGroup section */

/* Begin XCBuildConfiguration section */
		474CA79323C8DF37006DF494 /* Debug */ = {
			isa = XCBuildConfiguration;
			buildSettings = {
				ALWAYS_SEARCH_USER_PATHS = NO;
				CLANG_ANALYZER_NONNULL = YES;
				CLANG_ANALYZER_NUMBER_OBJECT_CONVERSION = YES_AGGRESSIVE;
				CLANG_CXX_LANGUAGE_STANDARD = "gnu++14";
				CLANG_CXX_LIBRARY = "libc++";
				CLANG_ENABLE_MODULES = YES;
				CLANG_ENABLE_OBJC_ARC = YES;
				CLANG_ENABLE_OBJC_WEAK = YES;
				CLANG_WARN_BLOCK_CAPTURE_AUTORELEASING = YES;
				CLANG_WARN_BOOL_CONVERSION = YES;
				CLANG_WARN_COMMA = YES;
				CLANG_WARN_CONSTANT_CONVERSION = YES;
				CLANG_WARN_DEPRECATED_OBJC_IMPLEMENTATIONS = YES;
				CLANG_WARN_DIRECT_OBJC_ISA_USAGE = YES_ERROR;
				CLANG_WARN_DOCUMENTATION_COMMENTS = YES;
				CLANG_WARN_EMPTY_BODY = YES;
				CLANG_WARN_ENUM_CONVERSION = YES;
				CLANG_WARN_INFINITE_RECURSION = YES;
				CLANG_WARN_INT_CONVERSION = YES;
				CLANG_WARN_NON_LITERAL_NULL_CONVERSION = YES;
				CLANG_WARN_OBJC_IMPLICIT_RETAIN_SELF = YES;
				CLANG_WARN_OBJC_LITERAL_CONVERSION = YES;
				CLANG_WARN_OBJC_ROOT_CLASS = YES_ERROR;
				CLANG_WARN_RANGE_LOOP_ANALYSIS = YES;
				CLANG_WARN_STRICT_PROTOTYPES = YES;
				CLANG_WARN_SUSPICIOUS_MOVE = YES;
				CLANG_WARN_UNGUARDED_AVAILABILITY = YES_AGGRESSIVE;
				CLANG_WARN_UNREACHABLE_CODE = YES;
				CLANG_WARN__DUPLICATE_METHOD_MATCH = YES;
				COPY_PHASE_STRIP = NO;
				DEBUG_INFORMATION_FORMAT = dwarf;
				ENABLE_STRICT_OBJC_MSGSEND = YES;
				ENABLE_TESTABILITY = YES;
				GCC_C_LANGUAGE_STANDARD = gnu11;
				GCC_DYNAMIC_NO_PIC = NO;
				GCC_NO_COMMON_BLOCKS = YES;
				GCC_OPTIMIZATION_LEVEL = 0;
				GCC_PREPROCESSOR_DEFINITIONS = (
					"DEBUG=1",
					"$(inherited)",
				);
				GCC_WARN_64_TO_32_BIT_CONVERSION = YES;
				GCC_WARN_ABOUT_RETURN_TYPE = YES_ERROR;
				GCC_WARN_UNDECLARED_SELECTOR = YES;
				GCC_WARN_UNINITIALIZED_AUTOS = YES_AGGRESSIVE;
				GCC_WARN_UNUSED_FUNCTION = YES;
				GCC_WARN_UNUSED_VARIABLE = YES;
				IPHONEOS_DEPLOYMENT_TARGET = 13.2;
				MTL_ENABLE_DEBUG_INFO = INCLUDE_SOURCE;
				MTL_FAST_MATH = YES;
				ONLY_ACTIVE_ARCH = YES;
				SDKROOT = iphoneos;
				SWIFT_ACTIVE_COMPILATION_CONDITIONS = DEBUG;
				SWIFT_OPTIMIZATION_LEVEL = "-Onone";
			};
			name = Debug;
		};
		474CA79423C8DF37006DF494 /* Release */ = {
			isa = XCBuildConfiguration;
			buildSettings = {
				ALWAYS_SEARCH_USER_PATHS = NO;
				CLANG_ANALYZER_NONNULL = YES;
				CLANG_ANALYZER_NUMBER_OBJECT_CONVERSION = YES_AGGRESSIVE;
				CLANG_CXX_LANGUAGE_STANDARD = "gnu++14";
				CLANG_CXX_LIBRARY = "libc++";
				CLANG_ENABLE_MODULES = YES;
				CLANG_ENABLE_OBJC_ARC = YES;
				CLANG_ENABLE_OBJC_WEAK = YES;
				CLANG_WARN_BLOCK_CAPTURE_AUTORELEASING = YES;
				CLANG_WARN_BOOL_CONVERSION = YES;
				CLANG_WARN_COMMA = YES;
				CLANG_WARN_CONSTANT_CONVERSION = YES;
				CLANG_WARN_DEPRECATED_OBJC_IMPLEMENTATIONS = YES;
				CLANG_WARN_DIRECT_OBJC_ISA_USAGE = YES_ERROR;
				CLANG_WARN_DOCUMENTATION_COMMENTS = YES;
				CLANG_WARN_EMPTY_BODY = YES;
				CLANG_WARN_ENUM_CONVERSION = YES;
				CLANG_WARN_INFINITE_RECURSION = YES;
				CLANG_WARN_INT_CONVERSION = YES;
				CLANG_WARN_NON_LITERAL_NULL_CONVERSION = YES;
				CLANG_WARN_OBJC_IMPLICIT_RETAIN_SELF = YES;
				CLANG_WARN_OBJC_LITERAL_CONVERSION = YES;
				CLANG_WARN_OBJC_ROOT_CLASS = YES_ERROR;
				CLANG_WARN_RANGE_LOOP_ANALYSIS = YES;
				CLANG_WARN_STRICT_PROTOTYPES = YES;
				CLANG_WARN_SUSPICIOUS_MOVE = YES;
				CLANG_WARN_UNGUARDED_AVAILABILITY = YES_AGGRESSIVE;
				CLANG_WARN_UNREACHABLE_CODE = YES;
				CLANG_WARN__DUPLICATE_METHOD_MATCH = YES;
				COPY_PHASE_STRIP = NO;
				DEBUG_INFORMATION_FORMAT = "dwarf-with-dsym";
				ENABLE_NS_ASSERTIONS = NO;
				ENABLE_STRICT_OBJC_MSGSEND = YES;
				GCC_C_LANGUAGE_STANDARD = gnu11;
				GCC_NO_COMMON_BLOCKS = YES;
				GCC_WARN_64_TO_32_BIT_CONVERSION = YES;
				GCC_WARN_ABOUT_RETURN_TYPE = YES_ERROR;
				GCC_WARN_UNDECLARED_SELECTOR = YES;
				GCC_WARN_UNINITIALIZED_AUTOS = YES_AGGRESSIVE;
				GCC_WARN_UNUSED_FUNCTION = YES;
				GCC_WARN_UNUSED_VARIABLE = YES;
				IPHONEOS_DEPLOYMENT_TARGET = 13.2;
				MTL_ENABLE_DEBUG_INFO = NO;
				MTL_FAST_MATH = YES;
				SDKROOT = iphoneos;
				SWIFT_COMPILATION_MODE = wholemodule;
				SWIFT_OPTIMIZATION_LEVEL = "-O";
				VALIDATE_PRODUCT = YES;
			};
			name = Release;
		};
		474CA79623C8DF37006DF494 /* Debug */ = {
			isa = XCBuildConfiguration;
			buildSettings = {
				ASSETCATALOG_COMPILER_APPICON_NAME = AppIcon;
				CODE_SIGN_STYLE = Automatic;
				INFOPLIST_FILE = Calculadora/Info.plist;
				LD_RUNPATH_SEARCH_PATHS = (
					"$(inherited)",
					"@executable_path/Frameworks",
				);
				PRODUCT_BUNDLE_IDENTIFIER = ies.Calculadora;
				PRODUCT_NAME = "$(TARGET_NAME)";
				SWIFT_VERSION = 5.0;
				TARGETED_DEVICE_FAMILY = "1,2";
			};
			name = Debug;
		};
		474CA79723C8DF37006DF494 /* Release */ = {
			isa = XCBuildConfiguration;
			buildSettings = {
				ASSETCATALOG_COMPILER_APPICON_NAME = AppIcon;
				CODE_SIGN_STYLE = Automatic;
				INFOPLIST_FILE = Calculadora/Info.plist;
				LD_RUNPATH_SEARCH_PATHS = (
					"$(inherited)",
					"@executable_path/Frameworks",
				);
				PRODUCT_BUNDLE_IDENTIFIER = ies.Calculadora;
				PRODUCT_NAME = "$(TARGET_NAME)";
				SWIFT_VERSION = 5.0;
				TARGETED_DEVICE_FAMILY = "1,2";
			};
			name = Release;
		};
		474CA79923C8DF37006DF494 /* Debug */ = {
			isa = XCBuildConfiguration;
			buildSettings = {
				ALWAYS_EMBED_SWIFT_STANDARD_LIBRARIES = YES;
				BUNDLE_LOADER = "$(TEST_HOST)";
				CODE_SIGN_STYLE = Automatic;
				INFOPLIST_FILE = CalculadoraTests/Info.plist;
				IPHONEOS_DEPLOYMENT_TARGET = 13.2;
				LD_RUNPATH_SEARCH_PATHS = (
					"$(inherited)",
					"@executable_path/Frameworks",
					"@loader_path/Frameworks",
				);
				PRODUCT_BUNDLE_IDENTIFIER = ies.CalculadoraTests;
				PRODUCT_NAME = "$(TARGET_NAME)";
				SWIFT_VERSION = 5.0;
				TARGETED_DEVICE_FAMILY = "1,2";
				TEST_HOST = "$(BUILT_PRODUCTS_DIR)/Calculadora.app/Calculadora";
			};
			name = Debug;
		};
		474CA79A23C8DF37006DF494 /* Release */ = {
			isa = XCBuildConfiguration;
			buildSettings = {
				ALWAYS_EMBED_SWIFT_STANDARD_LIBRARIES = YES;
				BUNDLE_LOADER = "$(TEST_HOST)";
				CODE_SIGN_STYLE = Automatic;
				INFOPLIST_FILE = CalculadoraTests/Info.plist;
				IPHONEOS_DEPLOYMENT_TARGET = 13.2;
				LD_RUNPATH_SEARCH_PATHS = (
					"$(inherited)",
					"@executable_path/Frameworks",
					"@loader_path/Frameworks",
				);
				PRODUCT_BUNDLE_IDENTIFIER = ies.CalculadoraTests;
				PRODUCT_NAME = "$(TARGET_NAME)";
				SWIFT_VERSION = 5.0;
				TARGETED_DEVICE_FAMILY = "1,2";
				TEST_HOST = "$(BUILT_PRODUCTS_DIR)/Calculadora.app/Calculadora";
			};
			name = Release;
		};
		474CA79C23C8DF37006DF494 /* Debug */ = {
			isa = XCBuildConfiguration;
			buildSettings = {
				ALWAYS_EMBED_SWIFT_STANDARD_LIBRARIES = YES;
				CODE_SIGN_STYLE = Automatic;
				INFOPLIST_FILE = CalculadoraUITests/Info.plist;
				LD_RUNPATH_SEARCH_PATHS = (
					"$(inherited)",
					"@executable_path/Frameworks",
					"@loader_path/Frameworks",
				);
				PRODUCT_BUNDLE_IDENTIFIER = ies.CalculadoraUITests;
				PRODUCT_NAME = "$(TARGET_NAME)";
				SWIFT_VERSION = 5.0;
				TARGETED_DEVICE_FAMILY = "1,2";
				TEST_TARGET_NAME = Calculadora;
			};
			name = Debug;
		};
		474CA79D23C8DF37006DF494 /* Release */ = {
			isa = XCBuildConfiguration;
			buildSettings = {
				ALWAYS_EMBED_SWIFT_STANDARD_LIBRARIES = YES;
				CODE_SIGN_STYLE = Automatic;
				INFOPLIST_FILE = CalculadoraUITests/Info.plist;
				LD_RUNPATH_SEARCH_PATHS = (
					"$(inherited)",
					"@executable_path/Frameworks",
					"@loader_path/Frameworks",
				);
				PRODUCT_BUNDLE_IDENTIFIER = ies.CalculadoraUITests;
				PRODUCT_NAME = "$(TARGET_NAME)";
				SWIFT_VERSION = 5.0;
				TARGETED_DEVICE_FAMILY = "1,2";
				TEST_TARGET_NAME = Calculadora;
			};
			name = Release;
		};
/* End XCBuildConfiguration section */

/* Begin XCConfigurationList section */
		474CA76623C8DF34006DF494 /* Build configuration list for PBXProject "Calculadora" */ = {
			isa = XCConfigurationList;
			buildConfigurations = (
				474CA79323C8DF37006DF494 /* Debug */,
				474CA79423C8DF37006DF494 /* Release */,
			);
			defaultConfigurationIsVisible = 0;
			defaultConfigurationName = Release;
		};
		474CA79523C8DF37006DF494 /* Build configuration list for PBXNativeTarget "Calculadora" */ = {
			isa = XCConfigurationList;
			buildConfigurations = (
				474CA79623C8DF37006DF494 /* Debug */,
				474CA79723C8DF37006DF494 /* Release */,
			);
			defaultConfigurationIsVisible = 0;
			defaultConfigurationName = Release;
		};
		474CA79823C8DF37006DF494 /* Build configuration list for PBXNativeTarget "CalculadoraTests" */ = {
			isa = XCConfigurationList;
			buildConfigurations = (
				474CA79923C8DF37006DF494 /* Debug */,
				474CA79A23C8DF37006DF494 /* Release */,
			);
			defaultConfigurationIsVisible = 0;
			defaultConfigurationName = Release;
		};
		474CA79B23C8DF37006DF494 /* Build configuration list for PBXNativeTarget "CalculadoraUITests" */ = {
			isa = XCConfigurationList;
			buildConfigurations = (
				474CA79C23C8DF37006DF494 /* Debug */,
				474CA79D23C8DF37006DF494 /* Release */,
			);
			defaultConfigurationIsVisible = 0;
			defaultConfigurationName = Release;
		};
/* End XCConfigurationList section */
	};
	rootObject = 474CA76323C8DF34006DF494 /* Project object */;
}
